
Microsoft Visual Studio Solution File, Format Version 12.00
# Visual Studio Version 16
VisualStudioVersion = 16.0.28922.388
MinimumVisualStudioVersion = 10.0.40219.1
Project("{FAE04EC0-301F-11D3-BF4B-00C04F79EFBC}") = "Game1", "Game1\Game1.csproj", "{19F4CF84-40E6-48D8-8F18-7127D2A769BB}"
EndProject
Global
	GlobalSection(SolutionConfigurationPlatforms) = preSolution
		Debug|Any CPU = Debug|Any CPU
		Release|Any CPU = Release|Any CPU
	EndGlobalSection
	GlobalSection(ProjectConfigurationPlatforms) = postSolution
		{19F4CF84-40E6-48D8-8F18-7127D2A769BB}.Debug|Any CPU.ActiveCfg = Debug|Any CPU
		{19F4CF84-40E6-48D8-8F18-7127D2A769BB}.Debug|Any CPU.Build.0 = Debug|Any CPU
		{19F4CF84-40E6-48D8-8F18-7127D2A769BB}.Release|Any CPU.ActiveCfg = Release|Any CPU
		{19F4CF84-40E6-48D8-8F18-7127D2A769BB}.Release|Any CPU.Build.0 = Release|Any CPU
	EndGlobalSection
	GlobalSection(SolutionProperties) = preSolution
		HideSolutionNode = FALSE
	EndGlobalSection
	GlobalSection(ExtensibilityGlobals) = postSolution
		SolutionGuid = {4527823C-EB73-42A0-B6F4-79479BA87BA8}
	EndGlobalSection
EndGlobal
